{
  "mvslovers/crypto370": {
    "sha256": "f5686240265baf69773e887bb7abd2c3f8da84d77bd377df38f95f4aa879fb6f",
    "version": "1.0.1"
  },
  "mvslovers/httpd": {
    "sha256": "5e902013ef7d2b667db619cb45de744ecf573918a9551f6208c44c102925cc75",
    "version": "4.2.0-dev"
  },
  "mvslovers/ufsd": {
    "sha256": "c2eb5f98317769e07c39363f29e4884fec1fd22f803582cfb36de5f7e67ea548",
    "version": "1.4.0-dev"
  }
}
