{
  "mvslovers/crypto370": {
    "sha256": "f5686240265baf69773e887bb7abd2c3f8da84d77bd377df38f95f4aa879fb6f",
    "version": "1.0.1"
  },
  "mvslovers/httpd": {
    "sha256": "fa2873e7bbc4a2e009895aab76b5101d6ae02b57be002be72457168f4ab63d82",
    "version": "4.2.0-dev"
  },
  "mvslovers/ufsd": {
    "sha256": "09860edcafb7215838b9086420c051686b6c0f4519609f4a9b8b2119074a1a6b",
    "version": "1.4.0-dev"
  }
}
